
Microsoft Visual Studio Solution File, Format Version 12.00
Project("{2150E333-8FDC-42A3-9474-1A3956D46DE8}") = "Common", "Common", "{DD0EBB9B-EB24-4D3A-8AD1-703223B8E1D8}"
EndProject
Project("{2150E333-8FDC-42A3-9474-1A3956D46DE8}") = "Core", "Core", "{A19180DE-0F81-43D2-A196-47C2B0A033B6}"
EndProject
Project("{2150E333-8FDC-42A3-9474-1A3956D46DE8}") = "Infrastructure", "Infrastructure", "{F7FE2F3A-A702-469D-B11C-AF3BE11A7877}"
EndProject
Project("{2150E333-8FDC-42A3-9474-1A3956D46DE8}") = "Presentation", "Presentation", "{F8189E72-AD48-4673-A355-03A46BEB8C06}"
EndProject
Project("{FAE04EC0-301F-11D3-BF4B-00C04F79EFBC}") = "UMS_Lab5.Common", "UMS_Lab5.Common\UMS_Lab5.Common.csproj", "{2A05AC73-9831-460F-B9B7-F43508D91F27}"
EndProject
Project("{FAE04EC0-301F-11D3-BF4B-00C04F79EFBC}") = "UMS_Lab5.Infrastructure", "UMS_Lab5.Infrastructure\UMS_Lab5.Infrastructure.csproj", "{F9FD84E3-45D5-428E-A621-B07B66D93BDD}"
EndProject
Project("{FAE04EC0-301F-11D3-BF4B-00C04F79EFBC}") = "UMS_Lab5.API", "UMS_Lab5.API\UMS_Lab5.API.csproj", "{147FF069-2539-4B8F-889F-66E0601A8628}"
EndProject
Project("{FAE04EC0-301F-11D3-BF4B-00C04F79EFBC}") = "UMS_Lab5.Persistence", "UMS_Lab5.Persistence\UMS_Lab5.Persistence.csproj", "{063988EF-AB09-4D27-89B2-98E48E47BCF6}"
EndProject
Project("{FAE04EC0-301F-11D3-BF4B-00C04F79EFBC}") = "UMS_Lab5.Application", "UMS_Lab5.Application\UMS_Lab5.Application.csproj", "{413F7161-A31A-4703-BF7E-CAFE01AE007A}"
EndProject
Project("{FAE04EC0-301F-11D3-BF4B-00C04F79EFBC}") = "UMS_Lab5.Domain", "UMS_Lab5.Domain\UMS_Lab5.Domain.csproj", "{8B86A5B9-B011-419D-83F6-FCEAC385197F}"
EndProject
Global
	GlobalSection(SolutionConfigurationPlatforms) = preSolution
		Debug|Any CPU = Debug|Any CPU
		Release|Any CPU = Release|Any CPU
	EndGlobalSection
	GlobalSection(NestedProjects) = preSolution
		{2A05AC73-9831-460F-B9B7-F43508D91F27} = {DD0EBB9B-EB24-4D3A-8AD1-703223B8E1D8}
		{F9FD84E3-45D5-428E-A621-B07B66D93BDD} = {F7FE2F3A-A702-469D-B11C-AF3BE11A7877}
		{147FF069-2539-4B8F-889F-66E0601A8628} = {F8189E72-AD48-4673-A355-03A46BEB8C06}
		{063988EF-AB09-4D27-89B2-98E48E47BCF6} = {F7FE2F3A-A702-469D-B11C-AF3BE11A7877}
		{413F7161-A31A-4703-BF7E-CAFE01AE007A} = {A19180DE-0F81-43D2-A196-47C2B0A033B6}
		{8B86A5B9-B011-419D-83F6-FCEAC385197F} = {A19180DE-0F81-43D2-A196-47C2B0A033B6}
	EndGlobalSection
	GlobalSection(ProjectConfigurationPlatforms) = postSolution
		{2A05AC73-9831-460F-B9B7-F43508D91F27}.Debug|Any CPU.ActiveCfg = Debug|Any CPU
		{2A05AC73-9831-460F-B9B7-F43508D91F27}.Debug|Any CPU.Build.0 = Debug|Any CPU
		{2A05AC73-9831-460F-B9B7-F43508D91F27}.Release|Any CPU.ActiveCfg = Release|Any CPU
		{2A05AC73-9831-460F-B9B7-F43508D91F27}.Release|Any CPU.Build.0 = Release|Any CPU
		{F9FD84E3-45D5-428E-A621-B07B66D93BDD}.Debug|Any CPU.ActiveCfg = Debug|Any CPU
		{F9FD84E3-45D5-428E-A621-B07B66D93BDD}.Debug|Any CPU.Build.0 = Debug|Any CPU
		{F9FD84E3-45D5-428E-A621-B07B66D93BDD}.Release|Any CPU.ActiveCfg = Release|Any CPU
		{F9FD84E3-45D5-428E-A621-B07B66D93BDD}.Release|Any CPU.Build.0 = Release|Any CPU
		{147FF069-2539-4B8F-889F-66E0601A8628}.Debug|Any CPU.ActiveCfg = Debug|Any CPU
		{147FF069-2539-4B8F-889F-66E0601A8628}.Debug|Any CPU.Build.0 = Debug|Any CPU
		{147FF069-2539-4B8F-889F-66E0601A8628}.Release|Any CPU.ActiveCfg = Release|Any CPU
		{147FF069-2539-4B8F-889F-66E0601A8628}.Release|Any CPU.Build.0 = Release|Any CPU
		{063988EF-AB09-4D27-89B2-98E48E47BCF6}.Debug|Any CPU.ActiveCfg = Debug|Any CPU
		{063988EF-AB09-4D27-89B2-98E48E47BCF6}.Debug|Any CPU.Build.0 = Debug|Any CPU
		{063988EF-AB09-4D27-89B2-98E48E47BCF6}.Release|Any CPU.ActiveCfg = Release|Any CPU
		{063988EF-AB09-4D27-89B2-98E48E47BCF6}.Release|Any CPU.Build.0 = Release|Any CPU
		{413F7161-A31A-4703-BF7E-CAFE01AE007A}.Debug|Any CPU.ActiveCfg = Debug|Any CPU
		{413F7161-A31A-4703-BF7E-CAFE01AE007A}.Debug|Any CPU.Build.0 = Debug|Any CPU
		{413F7161-A31A-4703-BF7E-CAFE01AE007A}.Release|Any CPU.ActiveCfg = Release|Any CPU
		{413F7161-A31A-4703-BF7E-CAFE01AE007A}.Release|Any CPU.Build.0 = Release|Any CPU
		{8B86A5B9-B011-419D-83F6-FCEAC385197F}.Debug|Any CPU.ActiveCfg = Debug|Any CPU
		{8B86A5B9-B011-419D-83F6-FCEAC385197F}.Debug|Any CPU.Build.0 = Debug|Any CPU
		{8B86A5B9-B011-419D-83F6-FCEAC385197F}.Release|Any CPU.ActiveCfg = Release|Any CPU
		{8B86A5B9-B011-419D-83F6-FCEAC385197F}.Release|Any CPU.Build.0 = Release|Any CPU
	EndGlobalSection
EndGlobal
